// !$*UTF8*$!
{
	archiveVersion = 1;
	classes = {
	};
	objectVersion = 51;
	objects = {

/* Begin PBXBuildFile section */
		05FED027713AC84446400F21 /* Pods_Scoff.framework in Frameworks */ = {isa = PBXBuildFile; fileRef = EA9329E19DF9C069A4F22DE0 /* Pods_Scoff.framework */; };
		93030875255C264000A619B0 /* ScoffApp.swift in Sources */ = {isa = PBXBuildFile; fileRef = 93030874255C264000A619B0 /* ScoffApp.swift */; };
		93030877255C264000A619B0 /* RestaurantView.swift in Sources */ = {isa = PBXBuildFile; fileRef = 93030876255C264000A619B0 /* RestaurantView.swift */; };
		93030879255C264300A619B0 /* Assets.xcassets in Resources */ = {isa = PBXBuildFile; fileRef = 93030878255C264300A619B0 /* Assets.xcassets */; };
		9303087C255C264300A619B0 /* Preview Assets.xcassets in Resources */ = {isa = PBXBuildFile; fileRef = 9303087B255C264300A619B0 /* Preview Assets.xcassets */; };
		93030885255C30F100A619B0 /* GoogleService-Info.plist in Resources */ = {isa = PBXBuildFile; fileRef = 93030884255C30F100A619B0 /* GoogleService-Info.plist */; };
		931040C425642C1300D8428F /* RestaurantSelectView.swift in Sources */ = {isa = PBXBuildFile; fileRef = 931040C325642C1300D8428F /* RestaurantSelectView.swift */; };
		932BEF6B256C414B006ACD89 /* MenuSelectView.swift in Sources */ = {isa = PBXBuildFile; fileRef = 932BEF6A256C414B006ACD89 /* MenuSelectView.swift */; };
		933E4AD6257E9E6D00353FA6 /* MenuView.swift in Sources */ = {isa = PBXBuildFile; fileRef = 933E4AD5257E9E6D00353FA6 /* MenuView.swift */; };
		9388112C258D0F340037ABF9 /* ViewControllerWrapper.swift in Sources */ = {isa = PBXBuildFile; fileRef = 9388112B258D0F340037ABF9 /* ViewControllerWrapper.swift */; };
		93881130258D0FAC0037ABF9 /* OrderView.swift in Sources */ = {isa = PBXBuildFile; fileRef = 9388112F258D0FAC0037ABF9 /* OrderView.swift */; };
		9393D5E8255C3938007E36B1 /* AppView.swift in Sources */ = {isa = PBXBuildFile; fileRef = 9393D5E7255C3938007E36B1 /* AppView.swift */; };
		9393D5EF255C3A3F007E36B1 /* UserView.swift in Sources */ = {isa = PBXBuildFile; fileRef = 9393D5EE255C3A3F007E36B1 /* UserView.swift */; };
/* End PBXBuildFile section */

/* Begin PBXFileReference section */
		78288C1BBE4DDCDA4E8E51BA /* Pods-Scoff.debug.xcconfig */ = {isa = PBXFileReference; includeInIndex = 1; lastKnownFileType = text.xcconfig; name = "Pods-Scoff.debug.xcconfig"; path = "Target Support Files/Pods-Scoff/Pods-Scoff.debug.xcconfig"; sourceTree = "<group>"; };
		93030871255C264000A619B0 /* Scoff.app */ = {isa = PBXFileReference; explicitFileType = wrapper.application; includeInIndex = 0; path = Scoff.app; sourceTree = BUILT_PRODUCTS_DIR; };
		93030874255C264000A619B0 /* ScoffApp.swift */ = {isa = PBXFileReference; lastKnownFileType = sourcecode.swift; path = ScoffApp.swift; sourceTree = "<group>"; };
		93030876255C264000A619B0 /* RestaurantView.swift */ = {isa = PBXFileReference; lastKnownFileType = sourcecode.swift; path = RestaurantView.swift; sourceTree = "<group>"; };
		93030878255C264300A619B0 /* Assets.xcassets */ = {isa = PBXFileReference; lastKnownFileType = folder.assetcatalog; path = Assets.xcassets; sourceTree = "<group>"; };
		9303087B255C264300A619B0 /* Preview Assets.xcassets */ = {isa = PBXFileReference; lastKnownFileType = folder.assetcatalog; path = "Preview Assets.xcassets"; sourceTree = "<group>"; };
		9303087D255C264300A619B0 /* Info.plist */ = {isa = PBXFileReference; lastKnownFileType = text.plist.xml; path = Info.plist; sourceTree = "<group>"; };
		93030884255C30F100A619B0 /* GoogleService-Info.plist */ = {isa = PBXFileReference; fileEncoding = 4; lastKnownFileType = text.plist.xml; path = "GoogleService-Info.plist"; sourceTree = "<group>"; };
		931040C325642C1300D8428F /* RestaurantSelectView.swift */ = {isa = PBXFileReference; lastKnownFileType = sourcecode.swift; path = RestaurantSelectView.swift; sourceTree = "<group>"; };
		932BEF6A256C414B006ACD89 /* MenuSelectView.swift */ = {isa = PBXFileReference; lastKnownFileType = sourcecode.swift; path = MenuSelectView.swift; sourceTree = "<group>"; };
		933E4AD5257E9E6D00353FA6 /* MenuView.swift */ = {isa = PBXFileReference; lastKnownFileType = sourcecode.swift; path = MenuView.swift; sourceTree = "<group>"; };
		9388112B258D0F340037ABF9 /* ViewControllerWrapper.swift */ = {isa = PBXFileReference; lastKnownFileType = sourcecode.swift; path = ViewControllerWrapper.swift; sourceTree = "<group>"; };
		9388112F258D0FAC0037ABF9 /* OrderView.swift */ = {isa = PBXFileReference; lastKnownFileType = sourcecode.swift; path = OrderView.swift; sourceTree = "<group>"; };
		9393D5E7255C3938007E36B1 /* AppView.swift */ = {isa = PBXFileReference; lastKnownFileType = sourcecode.swift; path = AppView.swift; sourceTree = "<group>"; };
		9393D5EE255C3A3F007E36B1 /* UserView.swift */ = {isa = PBXFileReference; lastKnownFileType = sourcecode.swift; path = UserView.swift; sourceTree = "<group>"; };
		D093DDE5717D287BFAC70F4B /* Pods-Scoff.release.xcconfig */ = {isa = PBXFileReference; includeInIndex = 1; lastKnownFileType = text.xcconfig; name = "Pods-Scoff.release.xcconfig"; path = "Target Support Files/Pods-Scoff/Pods-Scoff.release.xcconfig"; sourceTree = "<group>"; };
		EA9329E19DF9C069A4F22DE0 /* Pods_Scoff.framework */ = {isa = PBXFileReference; explicitFileType = wrapper.framework; includeInIndex = 0; path = Pods_Scoff.framework; sourceTree = BUILT_PRODUCTS_DIR; };
/* End PBXFileReference section */

/* Begin PBXFrameworksBuildPhase section */
		9303086E255C264000A619B0 /* Frameworks */ = {
			isa = PBXFrameworksBuildPhase;
			buildActionMask = 2147483647;
			files = (
				05FED027713AC84446400F21 /* Pods_Scoff.framework in Frameworks */,
			);
			runOnlyForDeploymentPostprocessing = 0;
		};
/* End PBXFrameworksBuildPhase section */

/* Begin PBXGroup section */
		93030868255C264000A619B0 = {
			isa = PBXGroup;
			children = (
				93030873255C264000A619B0 /* Scoff */,
				93030872255C264000A619B0 /* Products */,
				AAF344ACAD20113F4CC4E83E /* Pods */,
				BD773C415781972BA12EADCC /* Frameworks */,
			);
			sourceTree = "<group>";
		};
		93030872255C264000A619B0 /* Products */ = {
			isa = PBXGroup;
			children = (
				93030871255C264000A619B0 /* Scoff.app */,
			);
			name = Products;
			sourceTree = "<group>";
		};
		93030873255C264000A619B0 /* Scoff */ = {
			isa = PBXGroup;
			children = (
				93030874255C264000A619B0 /* ScoffApp.swift */,
				9393D5E7255C3938007E36B1 /* AppView.swift */,
				93030876255C264000A619B0 /* RestaurantView.swift */,
				931040C325642C1300D8428F /* RestaurantSelectView.swift */,
				9388112B258D0F340037ABF9 /* ViewControllerWrapper.swift */,
				9393D5EE255C3A3F007E36B1 /* UserView.swift */,
				932BEF6A256C414B006ACD89 /* MenuSelectView.swift */,
				933E4AD5257E9E6D00353FA6 /* MenuView.swift */,
				9303087A255C264300A619B0 /* Preview Content */,
				93030878255C264300A619B0 /* Assets.xcassets */,
				9303087D255C264300A619B0 /* Info.plist */,
				93030884255C30F100A619B0 /* GoogleService-Info.plist */,
				9388112F258D0FAC0037ABF9 /* OrderView.swift */,
			);
			path = Scoff;
			sourceTree = "<group>";
		};
		9303087A255C264300A619B0 /* Preview Content */ = {
			isa = PBXGroup;
			children = (
				9303087B255C264300A619B0 /* Preview Assets.xcassets */,
			);
			path = "Preview Content";
			sourceTree = "<group>";
		};
		AAF344ACAD20113F4CC4E83E /* Pods */ = {
			isa = PBXGroup;
			children = (
				78288C1BBE4DDCDA4E8E51BA /* Pods-Scoff.debug.xcconfig */,
				D093DDE5717D287BFAC70F4B /* Pods-Scoff.release.xcconfig */,
			);
			path = Pods;
			sourceTree = "<group>";
		};
		BD773C415781972BA12EADCC /* Frameworks */ = {
			isa = PBXGroup;
			children = (
				EA9329E19DF9C069A4F22DE0 /* Pods_Scoff.framework */,
			);
			name = Frameworks;
			sourceTree = "<group>";
		};
/* End PBXGroup section */

/* Begin PBXNativeTarget section */
		93030870255C264000A619B0 /* Scoff */ = {
			isa = PBXNativeTarget;
			buildConfigurationList = 93030880255C264300A619B0 /* Build configuration list for PBXNativeTarget "Scoff" */;
			buildPhases = (
				236BAC0AD95CA88273BA9634 /* [CP] Check Pods Manifest.lock */,
				9303086D255C264000A619B0 /* Sources */,
				9303086E255C264000A619B0 /* Frameworks */,
				9303086F255C264000A619B0 /* Resources */,
				8009BB8040C2BB948862F129 /* [CP] Embed Pods Frameworks */,
			);
			buildRules = (
			);
			dependencies = (
			);
			name = Scoff;
			packageProductDependencies = (
			);
			productName = Scoff;
			productReference = 93030871255C264000A619B0 /* Scoff.app */;
			productType = "com.apple.product-type.application";
		};
/* End PBXNativeTarget section */

/* Begin PBXProject section */
		93030869255C264000A619B0 /* Project object */ = {
			isa = PBXProject;
			attributes = {
				LastSwiftUpdateCheck = 1210;
				LastUpgradeCheck = 1210;
				TargetAttributes = {
					93030870255C264000A619B0 = {
						CreatedOnToolsVersion = 12.1;
					};
				};
			};
			buildConfigurationList = 9303086C255C264000A619B0 /* Build configuration list for PBXProject "Scoff" */;
			compatibilityVersion = "Xcode 9.3";
			developmentRegion = en;
			hasScannedForEncodings = 0;
			knownRegions = (
				en,
				Base,
			);
			mainGroup = 93030868255C264000A619B0;
			packageReferences = (
			);
			productRefGroup = 93030872255C264000A619B0 /* Products */;
			projectDirPath = "";
			projectRoot = "";
			targets = (
				93030870255C264000A619B0 /* Scoff */,
			);
		};
/* End PBXProject section */

/* Begin PBXResourcesBuildPhase section */
		9303086F255C264000A619B0 /* Resources */ = {
			isa = PBXResourcesBuildPhase;
			buildActionMask = 2147483647;
			files = (
				9303087C255C264300A619B0 /* Preview Assets.xcassets in Resources */,
				93030879255C264300A619B0 /* Assets.xcassets in Resources */,
				93030885255C30F100A619B0 /* GoogleService-Info.plist in Resources */,
			);
			runOnlyForDeploymentPostprocessing = 0;
		};
/* End PBXResourcesBuildPhase section */

/* Begin PBXShellScriptBuildPhase section */
		236BAC0AD95CA88273BA9634 /* [CP] Check Pods Manifest.lock */ = {
			isa = PBXShellScriptBuildPhase;
			buildActionMask = 2147483647;
			files = (
			);
			inputFileListPaths = (
			);
			inputPaths = (
				"${PODS_PODFILE_DIR_PATH}/Podfile.lock",
				"${PODS_ROOT}/Manifest.lock",
			);
			name = "[CP] Check Pods Manifest.lock";
			outputFileListPaths = (
			);
			outputPaths = (
				"$(DERIVED_FILE_DIR)/Pods-Scoff-checkManifestLockResult.txt",
			);
			runOnlyForDeploymentPostprocessing = 0;
			shellPath = /bin/sh;
			shellScript = "diff \"${PODS_PODFILE_DIR_PATH}/Podfile.lock\" \"${PODS_ROOT}/Manifest.lock\" > /dev/null\nif [ $? != 0 ] ; then\n    # print error to STDERR\n    echo \"error: The sandbox is not in sync with the Podfile.lock. Run 'pod install' or update your CocoaPods installation.\" >&2\n    exit 1\nfi\n# This output is used by Xcode 'outputs' to avoid re-running this script phase.\necho \"SUCCESS\" > \"${SCRIPT_OUTPUT_FILE_0}\"\n";
			showEnvVarsInLog = 0;
		};
		8009BB8040C2BB948862F129 /* [CP] Embed Pods Frameworks */ = {
			isa = PBXShellScriptBuildPhase;
			buildActionMask = 2147483647;
			files = (
			);
			inputFileListPaths = (
				"${PODS_ROOT}/Target Support Files/Pods-Scoff/Pods-Scoff-frameworks-${CONFIGURATION}-input-files.xcfilelist",
			);
			name = "[CP] Embed Pods Frameworks";
			outputFileListPaths = (
				"${PODS_ROOT}/Target Support Files/Pods-Scoff/Pods-Scoff-frameworks-${CONFIGURATION}-output-files.xcfilelist",
			);
			runOnlyForDeploymentPostprocessing = 0;
			shellPath = /bin/sh;
			shellScript = "\"${PODS_ROOT}/Target Support Files/Pods-Scoff/Pods-Scoff-frameworks.sh\"\n";
			showEnvVarsInLog = 0;
		};
/* End PBXShellScriptBuildPhase section */

/* Begin PBXSourcesBuildPhase section */
		9303086D255C264000A619B0 /* Sources */ = {
			isa = PBXSourcesBuildPhase;
			buildActionMask = 2147483647;
			files = (
				932BEF6B256C414B006ACD89 /* MenuSelectView.swift in Sources */,
				933E4AD6257E9E6D00353FA6 /* MenuView.swift in Sources */,
				93030877255C264000A619B0 /* RestaurantView.swift in Sources */,
				9393D5EF255C3A3F007E36B1 /* UserView.swift in Sources */,
				93030875255C264000A619B0 /* ScoffApp.swift in Sources */,
				9393D5E8255C3938007E36B1 /* AppView.swift in Sources */,
				9388112C258D0F340037ABF9 /* ViewControllerWrapper.swift in Sources */,
				931040C425642C1300D8428F /* RestaurantSelectView.swift in Sources */,
				93881130258D0FAC0037ABF9 /* OrderView.swift in Sources */,
			);
			runOnlyForDeploymentPostprocessing = 0;
		};
/* End PBXSourcesBuildPhase section */

/* Begin XCBuildConfiguration section */
		9303087E255C264300A619B0 /* Debug */ = {
			isa = XCBuildConfiguration;
			buildSettings = {
				ALWAYS_SEARCH_USER_PATHS = NO;
				CLANG_ANALYZER_NONNULL = YES;
				CLANG_ANALYZER_NUMBER_OBJECT_CONVERSION = YES_AGGRESSIVE;
				CLANG_CXX_LANGUAGE_STANDARD = "gnu++14";
				CLANG_CXX_LIBRARY = "libc++";
				CLANG_ENABLE_MODULES = YES;
				CLANG_ENABLE_OBJC_ARC = YES;
				CLANG_ENABLE_OBJC_WEAK = YES;
				CLANG_WARN_BLOCK_CAPTURE_AUTORELEASING = YES;
				CLANG_WARN_BOOL_CONVERSION = YES;
				CLANG_WARN_COMMA = YES;
				CLANG_WARN_CONSTANT_CONVERSION = YES;
				CLANG_WARN_DEPRECATED_OBJC_IMPLEMENTATIONS = YES;
				CLANG_WARN_DIRECT_OBJC_ISA_USAGE = YES_ERROR;
				CLANG_WARN_DOCUMENTATION_COMMENTS = YES;
				CLANG_WARN_EMPTY_BODY = YES;
				CLANG_WARN_ENUM_CONVERSION = YES;
				CLANG_WARN_INFINITE_RECURSION = YES;
				CLANG_WARN_INT_CONVERSION = YES;
				CLANG_WARN_NON_LITERAL_NULL_CONVERSION = YES;
				CLANG_WARN_OBJC_IMPLICIT_RETAIN_SELF = YES;
				CLANG_WARN_OBJC_LITERAL_CONVERSION = YES;
				CLANG_WARN_OBJC_ROOT_CLASS = YES_ERROR;
				CLANG_WARN_QUOTED_INCLUDE_IN_FRAMEWORK_HEADER = YES;
				CLANG_WARN_RANGE_LOOP_ANALYSIS = YES;
				CLANG_WARN_STRICT_PROTOTYPES = YES;
				CLANG_WARN_SUSPICIOUS_MOVE = YES;
				CLANG_WARN_UNGUARDED_AVAILABILITY = YES_AGGRESSIVE;
				CLANG_WARN_UNREACHABLE_CODE = YES;
				CLANG_WARN__DUPLICATE_METHOD_MATCH = YES;
				COPY_PHASE_STRIP = NO;
				DEBUG_INFORMATION_FORMAT = dwarf;
				ENABLE_STRICT_OBJC_MSGSEND = YES;
				ENABLE_TESTABILITY = YES;
				GCC_C_LANGUAGE_STANDARD = gnu11;
				GCC_DYNAMIC_NO_PIC = NO;
				GCC_NO_COMMON_BLOCKS = YES;
				GCC_OPTIMIZATION_LEVEL = 0;
				GCC_PREPROCESSOR_DEFINITIONS = (
					"DEBUG=1",
					"$(inherited)",
				);
				GCC_WARN_64_TO_32_BIT_CONVERSION = YES;
				GCC_WARN_ABOUT_RETURN_TYPE = YES_ERROR;
				GCC_WARN_UNDECLARED_SELECTOR = YES;
				GCC_WARN_UNINITIALIZED_AUTOS = YES_AGGRESSIVE;
				GCC_WARN_UNUSED_FUNCTION = YES;
				GCC_WARN_UNUSED_VARIABLE = YES;
				IPHONEOS_DEPLOYMENT_TARGET = 14.1;
				MTL_ENABLE_DEBUG_INFO = INCLUDE_SOURCE;
				MTL_FAST_MATH = YES;
				ONLY_ACTIVE_ARCH = YES;
				SDKROOT = iphoneos;
				SWIFT_ACTIVE_COMPILATION_CONDITIONS = DEBUG;
				SWIFT_OPTIMIZATION_LEVEL = "-Onone";
			};
			name = Debug;
		};
		9303087F255C264300A619B0 /* Release */ = {
			isa = XCBuildConfiguration;
			buildSettings = {
				ALWAYS_SEARCH_USER_PATHS = NO;
				CLANG_ANALYZER_NONNULL = YES;
				CLANG_ANALYZER_NUMBER_OBJECT_CONVERSION = YES_AGGRESSIVE;
				CLANG_CXX_LANGUAGE_STANDARD = "gnu++14";
				CLANG_CXX_LIBRARY = "libc++";
				CLANG_ENABLE_MODULES = YES;
				CLANG_ENABLE_OBJC_ARC = YES;
				CLANG_ENABLE_OBJC_WEAK = YES;
				CLANG_WARN_BLOCK_CAPTURE_AUTORELEASING = YES;
				CLANG_WARN_BOOL_CONVERSION = YES;
				CLANG_WARN_COMMA = YES;
				CLANG_WARN_CONSTANT_CONVERSION = YES;
				CLANG_WARN_DEPRECATED_OBJC_IMPLEMENTATIONS = YES;
				CLANG_WARN_DIRECT_OBJC_ISA_USAGE = YES_ERROR;
				CLANG_WARN_DOCUMENTATION_COMMENTS = YES;
				CLANG_WARN_EMPTY_BODY = YES;
				CLANG_WARN_ENUM_CONVERSION = YES;
				CLANG_WARN_INFINITE_RECURSION = YES;
				CLANG_WARN_INT_CONVERSION = YES;
				CLANG_WARN_NON_LITERAL_NULL_CONVERSION = YES;
				CLANG_WARN_OBJC_IMPLICIT_RETAIN_SELF = YES;
				CLANG_WARN_OBJC_LITERAL_CONVERSION = YES;
				CLANG_WARN_OBJC_ROOT_CLASS = YES_ERROR;
				CLANG_WARN_QUOTED_INCLUDE_IN_FRAMEWORK_HEADER = YES;
				CLANG_WARN_RANGE_LOOP_ANALYSIS = YES;
				CLANG_WARN_STRICT_PROTOTYPES = YES;
				CLANG_WARN_SUSPICIOUS_MOVE = YES;
				CLANG_WARN_UNGUARDED_AVAILABILITY = YES_AGGRESSIVE;
				CLANG_WARN_UNREACHABLE_CODE = YES;
				CLANG_WARN__DUPLICATE_METHOD_MATCH = YES;
				COPY_PHASE_STRIP = NO;
				DEBUG_INFORMATION_FORMAT = "dwarf-with-dsym";
				ENABLE_NS_ASSERTIONS = NO;
				ENABLE_STRICT_OBJC_MSGSEND = YES;
				GCC_C_LANGUAGE_STANDARD = gnu11;
				GCC_NO_COMMON_BLOCKS = YES;
				GCC_WARN_64_TO_32_BIT_CONVERSION = YES;
				GCC_WARN_ABOUT_RETURN_TYPE = YES_ERROR;
				GCC_WARN_UNDECLARED_SELECTOR = YES;
				GCC_WARN_UNINITIALIZED_AUTOS = YES_AGGRESSIVE;
				GCC_WARN_UNUSED_FUNCTION = YES;
				GCC_WARN_UNUSED_VARIABLE = YES;
				IPHONEOS_DEPLOYMENT_TARGET = 14.1;
				MTL_ENABLE_DEBUG_INFO = NO;
				MTL_FAST_MATH = YES;
				ONLY_ACTIVE_ARCH = YES;
				SDKROOT = iphoneos;
				SWIFT_COMPILATION_MODE = wholemodule;
				SWIFT_OPTIMIZATION_LEVEL = "-O";
				VALIDATE_PRODUCT = YES;
			};
			name = Release;
		};
		93030881255C264300A619B0 /* Debug */ = {
			isa = XCBuildConfiguration;
			baseConfigurationReference = 78288C1BBE4DDCDA4E8E51BA /* Pods-Scoff.debug.xcconfig */;
			buildSettings = {
				ASSETCATALOG_COMPILER_APPICON_NAME = AppIcon;
				ASSETCATALOG_COMPILER_GLOBAL_ACCENT_COLOR_NAME = AccentColor;
				CODE_SIGN_STYLE = Automatic;
				DEVELOPMENT_ASSET_PATHS = "\"Scoff/Preview Content\"";
				DEVELOPMENT_TEAM = 4H436UPVRV;
				ENABLE_PREVIEWS = YES;
				INFOPLIST_FILE = Scoff/Info.plist;
				IPHONEOS_DEPLOYMENT_TARGET = 14.0;
				LD_RUNPATH_SEARCH_PATHS = (
					"$(inherited)",
					"@executable_path/Frameworks",
				);
				PRODUCT_BUNDLE_IDENTIFIER = me.brown.scott.Scoff;
				PRODUCT_NAME = "$(TARGET_NAME)";
				SWIFT_VERSION = 5.0;
				TARGETED_DEVICE_FAMILY = "1,2";
			};
			name = Debug;
		};
		93030882255C264300A619B0 /* Release */ = {
			isa = XCBuildConfiguration;
			baseConfigurationReference = D093DDE5717D287BFAC70F4B /* Pods-Scoff.release.xcconfig */;
			buildSettings = {
				ASSETCATALOG_COMPILER_APPICON_NAME = AppIcon;
				ASSETCATALOG_COMPILER_GLOBAL_ACCENT_COLOR_NAME = AccentColor;
				CODE_SIGN_STYLE = Automatic;
				DEVELOPMENT_ASSET_PATHS = "\"Scoff/Preview Content\"";
				DEVELOPMENT_TEAM = 4H436UPVRV;
				ENABLE_PREVIEWS = YES;
				INFOPLIST_FILE = Scoff/Info.plist;
				IPHONEOS_DEPLOYMENT_TARGET = 14.0;
				LD_RUNPATH_SEARCH_PATHS = (
					"$(inherited)",
					"@executable_path/Frameworks",
				);
				PRODUCT_BUNDLE_IDENTIFIER = me.brown.scott.Scoff;
				PRODUCT_NAME = "$(TARGET_NAME)";
				SWIFT_VERSION = 5.0;
				TARGETED_DEVICE_FAMILY = "1,2";
			};
			name = Release;
		};
/* End XCBuildConfiguration section */

/* Begin XCConfigurationList section */
		9303086C255C264000A619B0 /* Build configuration list for PBXProject "Scoff" */ = {
			isa = XCConfigurationList;
			buildConfigurations = (
				9303087E255C264300A619B0 /* Debug */,
				9303087F255C264300A619B0 /* Release */,
			);
			defaultConfigurationIsVisible = 0;
			defaultConfigurationName = Release;
		};
		93030880255C264300A619B0 /* Build configuration list for PBXNativeTarget "Scoff" */ = {
			isa = XCConfigurationList;
			buildConfigurations = (
				93030881255C264300A619B0 /* Debug */,
				93030882255C264300A619B0 /* Release */,
			);
			defaultConfigurationIsVisible = 0;
			defaultConfigurationName = Release;
		};
/* End XCConfigurationList section */
	};
	rootObject = 93030869255C264000A619B0 /* Project object */;
}
